
Microsoft Visual Studio Solution File, Format Version 12.00
# Visual Studio Version 16
VisualStudioVersion = 16.0.30114.105
MinimumVisualStudioVersion = 10.0.40219.1
Project("{FAE04EC0-301F-11D3-BF4B-00C04F79EFBC}") = "Bondora", "Bondora\Bondora.csproj", "{FA62BD56-6211-4BA6-B895-FF2309D1D237}"
EndProject
Project("{9A19103F-16F7-4668-BE54-9A1E7A4F7556}") = "Frontend", "Frontend\Frontend.csproj", "{FA41B555-D8A1-4A18-BAEF-5923ED0C5EBB}"
EndProject
Project("{FAE04EC0-301F-11D3-BF4B-00C04F79EFBC}") = "FrontendTests", "FrontendTests\FrontendTests.csproj", "{881986AB-5201-485E-8056-5841CC652656}"
EndProject
Project("{FAE04EC0-301F-11D3-BF4B-00C04F79EFBC}") = "BondoraTests", "BondoraTests\BondoraTests.csproj", "{E8692743-7EFA-4F21-AE60-B51CBF036F0B}"
EndProject
Global
	GlobalSection(SolutionConfigurationPlatforms) = preSolution
		Debug|Any CPU = Debug|Any CPU
		Release|Any CPU = Release|Any CPU
	EndGlobalSection
	GlobalSection(ProjectConfigurationPlatforms) = postSolution
		{FA62BD56-6211-4BA6-B895-FF2309D1D237}.Debug|Any CPU.ActiveCfg = Debug|Any CPU
		{FA62BD56-6211-4BA6-B895-FF2309D1D237}.Debug|Any CPU.Build.0 = Debug|Any CPU
		{FA62BD56-6211-4BA6-B895-FF2309D1D237}.Release|Any CPU.ActiveCfg = Release|Any CPU
		{FA62BD56-6211-4BA6-B895-FF2309D1D237}.Release|Any CPU.Build.0 = Release|Any CPU
		{FA41B555-D8A1-4A18-BAEF-5923ED0C5EBB}.Debug|Any CPU.ActiveCfg = Debug|Any CPU
		{FA41B555-D8A1-4A18-BAEF-5923ED0C5EBB}.Debug|Any CPU.Build.0 = Debug|Any CPU
		{FA41B555-D8A1-4A18-BAEF-5923ED0C5EBB}.Release|Any CPU.ActiveCfg = Release|Any CPU
		{FA41B555-D8A1-4A18-BAEF-5923ED0C5EBB}.Release|Any CPU.Build.0 = Release|Any CPU
		{881986AB-5201-485E-8056-5841CC652656}.Debug|Any CPU.ActiveCfg = Debug|Any CPU
		{881986AB-5201-485E-8056-5841CC652656}.Debug|Any CPU.Build.0 = Debug|Any CPU
		{881986AB-5201-485E-8056-5841CC652656}.Release|Any CPU.ActiveCfg = Release|Any CPU
		{881986AB-5201-485E-8056-5841CC652656}.Release|Any CPU.Build.0 = Release|Any CPU
		{E8692743-7EFA-4F21-AE60-B51CBF036F0B}.Debug|Any CPU.ActiveCfg = Debug|Any CPU
		{E8692743-7EFA-4F21-AE60-B51CBF036F0B}.Debug|Any CPU.Build.0 = Debug|Any CPU
		{E8692743-7EFA-4F21-AE60-B51CBF036F0B}.Release|Any CPU.ActiveCfg = Release|Any CPU
		{E8692743-7EFA-4F21-AE60-B51CBF036F0B}.Release|Any CPU.Build.0 = Release|Any CPU
	EndGlobalSection
	GlobalSection(SolutionProperties) = preSolution
		HideSolutionNode = FALSE
	EndGlobalSection
	GlobalSection(ExtensibilityGlobals) = postSolution
		SolutionGuid = {5F5B5E64-54FB-4BD4-871E-7A2271B5943E}
	EndGlobalSection
EndGlobal
